
Microsoft Visual Studio Solution File, Format Version 12.00
# Visual Studio Version 16
VisualStudioVersion = 16.0.30907.101
MinimumVisualStudioVersion = 10.0.40219.1
Project("{FAE04EC0-301F-11D3-BF4B-00C04F79EFBC}") = "NguyenThiHuong-25", "NguyenThiHuong-25\NguyenThiHuong-25.csproj", "{256FE00F-A2FB-4568-AA18-C61E4B05DF90}"
EndProject
Global
	GlobalSection(SolutionConfigurationPlatforms) = preSolution
		Debug|Any CPU = Debug|Any CPU
		Release|Any CPU = Release|Any CPU
	EndGlobalSection
	GlobalSection(ProjectConfigurationPlatforms) = postSolution
		{256FE00F-A2FB-4568-AA18-C61E4B05DF90}.Debug|Any CPU.ActiveCfg = Debug|Any CPU
		{256FE00F-A2FB-4568-AA18-C61E4B05DF90}.Debug|Any CPU.Build.0 = Debug|Any CPU
		{256FE00F-A2FB-4568-AA18-C61E4B05DF90}.Release|Any CPU.ActiveCfg = Release|Any CPU
		{256FE00F-A2FB-4568-AA18-C61E4B05DF90}.Release|Any CPU.Build.0 = Release|Any CPU
	EndGlobalSection
	GlobalSection(SolutionProperties) = preSolution
		HideSolutionNode = FALSE
	EndGlobalSection
	GlobalSection(ExtensibilityGlobals) = postSolution
		SolutionGuid = {5FD068B7-55EA-489A-A7EF-92815AF30B97}
	EndGlobalSection
EndGlobal
